
Microsoft Visual Studio Solution File, Format Version 12.00
# Visual Studio 14
VisualStudioVersion = 14.0.25123.0
MinimumVisualStudioVersion = 10.0.40219.1
Project("{FAE04EC0-301F-11D3-BF4B-00C04F79EFBC}") = "NaggerNow", "NaggerNow\NaggerNow.csproj", "{881573B3-D703-46FC-ADA4-D75FA3BD14A1}"
EndProject
Project("{FAE04EC0-301F-11D3-BF4B-00C04F79EFBC}") = "NaggerConsole", "NaggerConsole\NaggerConsole.csproj", "{2F391820-CCEB-4653-9664-9E826462A722}"
EndProject
Project("{FAE04EC0-301F-11D3-BF4B-00C04F79EFBC}") = "NaggerLibrary", "NaggerLibrary\NaggerLibrary.csproj", "{D55766FE-C747-48DD-BBB0-EE7160E4BB17}"
EndProject
Project("{00D1A9C2-B5F0-4AF3-8072-F6C62B433612}") = "NaggerDatabase", "NaggerDatabase\NaggerDatabase\NaggerDatabase.sqlproj", "{B200A075-0473-4D06-BCF1-8C36D92EDEFB}"
EndProject
Project("{FAE04EC0-301F-11D3-BF4B-00C04F79EFBC}") = "NaggerTests", "NaggerTests\NaggerTests.csproj", "{F40F10C7-BD58-45F4-B8FC-299331452B03}"
EndProject
Project("{FAE04EC0-301F-11D3-BF4B-00C04F79EFBC}") = "NagManager", "NagManager\NagManager.csproj", "{E390AC93-212F-449E-BC71-DA28BA907EB5}"
EndProject
Global
	GlobalSection(SolutionConfigurationPlatforms) = preSolution
		Debug|Any CPU = Debug|Any CPU
		Release|Any CPU = Release|Any CPU
	EndGlobalSection
	GlobalSection(ProjectConfigurationPlatforms) = postSolution
		{881573B3-D703-46FC-ADA4-D75FA3BD14A1}.Debug|Any CPU.ActiveCfg = Debug|Any CPU
		{881573B3-D703-46FC-ADA4-D75FA3BD14A1}.Debug|Any CPU.Build.0 = Debug|Any CPU
		{881573B3-D703-46FC-ADA4-D75FA3BD14A1}.Release|Any CPU.ActiveCfg = Release|Any CPU
		{881573B3-D703-46FC-ADA4-D75FA3BD14A1}.Release|Any CPU.Build.0 = Release|Any CPU
		{2F391820-CCEB-4653-9664-9E826462A722}.Debug|Any CPU.ActiveCfg = Debug|Any CPU
		{2F391820-CCEB-4653-9664-9E826462A722}.Debug|Any CPU.Build.0 = Debug|Any CPU
		{2F391820-CCEB-4653-9664-9E826462A722}.Release|Any CPU.ActiveCfg = Release|Any CPU
		{2F391820-CCEB-4653-9664-9E826462A722}.Release|Any CPU.Build.0 = Release|Any CPU
		{D55766FE-C747-48DD-BBB0-EE7160E4BB17}.Debug|Any CPU.ActiveCfg = Debug|Any CPU
		{D55766FE-C747-48DD-BBB0-EE7160E4BB17}.Debug|Any CPU.Build.0 = Debug|Any CPU
		{D55766FE-C747-48DD-BBB0-EE7160E4BB17}.Release|Any CPU.ActiveCfg = Release|Any CPU
		{D55766FE-C747-48DD-BBB0-EE7160E4BB17}.Release|Any CPU.Build.0 = Release|Any CPU
		{B200A075-0473-4D06-BCF1-8C36D92EDEFB}.Debug|Any CPU.ActiveCfg = Debug|Any CPU
		{B200A075-0473-4D06-BCF1-8C36D92EDEFB}.Debug|Any CPU.Build.0 = Debug|Any CPU
		{B200A075-0473-4D06-BCF1-8C36D92EDEFB}.Debug|Any CPU.Deploy.0 = Debug|Any CPU
		{B200A075-0473-4D06-BCF1-8C36D92EDEFB}.Release|Any CPU.ActiveCfg = Release|Any CPU
		{B200A075-0473-4D06-BCF1-8C36D92EDEFB}.Release|Any CPU.Build.0 = Release|Any CPU
		{B200A075-0473-4D06-BCF1-8C36D92EDEFB}.Release|Any CPU.Deploy.0 = Release|Any CPU
		{F40F10C7-BD58-45F4-B8FC-299331452B03}.Debug|Any CPU.ActiveCfg = Debug|Any CPU
		{F40F10C7-BD58-45F4-B8FC-299331452B03}.Debug|Any CPU.Build.0 = Debug|Any CPU
		{F40F10C7-BD58-45F4-B8FC-299331452B03}.Release|Any CPU.ActiveCfg = Release|Any CPU
		{F40F10C7-BD58-45F4-B8FC-299331452B03}.Release|Any CPU.Build.0 = Release|Any CPU
		{E390AC93-212F-449E-BC71-DA28BA907EB5}.Debug|Any CPU.ActiveCfg = Debug|Any CPU
		{E390AC93-212F-449E-BC71-DA28BA907EB5}.Debug|Any CPU.Build.0 = Debug|Any CPU
		{E390AC93-212F-449E-BC71-DA28BA907EB5}.Release|Any CPU.ActiveCfg = Release|Any CPU
		{E390AC93-212F-449E-BC71-DA28BA907EB5}.Release|Any CPU.Build.0 = Release|Any CPU
	EndGlobalSection
	GlobalSection(SolutionProperties) = preSolution
		HideSolutionNode = FALSE
	EndGlobalSection
EndGlobal
